
Microsoft Visual Studio Solution File, Format Version 12.00
# Visual Studio Version 17
VisualStudioVersion = 17.9.34728.123
MinimumVisualStudioVersion = 10.0.40219.1
Project("{2150E333-8FDC-42A3-9474-1A3956D46DE8}") = "FrontEnd", "FrontEnd", "{409947AA-4DAE-4296-A41E-D8FB176137EC}"
EndProject
Project("{2150E333-8FDC-42A3-9474-1A3956D46DE8}") = "Gateway", "Gateway", "{159354D9-2FDE-4BFC-AF97-EF0C56628691}"
EndProject
Project("{2150E333-8FDC-42A3-9474-1A3956D46DE8}") = "Integration", "Integration", "{A342C536-0E88-4616-8C43-0ADE4216D755}"
EndProject
Project("{2150E333-8FDC-42A3-9474-1A3956D46DE8}") = "Services", "Services", "{91D4B1D1-2891-41FE-94D3-9BEFD1A0A980}"
EndProject
Project("{FAE04EC0-301F-11D3-BF4B-00C04F79EFBC}") = "PSA.Services.CouponAPI", "PSA.Services.CouponAPI\PSA.Services.CouponAPI.csproj", "{F6CE904F-7940-4A30-AFF5-F64C2E404F99}"
EndProject
Project("{FAE04EC0-301F-11D3-BF4B-00C04F79EFBC}") = "PSA.Web", "PSA.Web\PSA.Web.csproj", "{C03F616C-E114-45C2-8F10-7EF87B744E5E}"
EndProject
Project("{2150E333-8FDC-42A3-9474-1A3956D46DE8}") = "Solution Items", "Solution Items", "{0E52E444-7872-4CA6-8E93-6EB04B338364}"
	ProjectSection(SolutionItems) = preProject
		VideoDetail.txt = VideoDetail.txt
	EndProjectSection
EndProject
Global
	GlobalSection(SolutionConfigurationPlatforms) = preSolution
		Debug|Any CPU = Debug|Any CPU
		Release|Any CPU = Release|Any CPU
	EndGlobalSection
	GlobalSection(ProjectConfigurationPlatforms) = postSolution
		{F6CE904F-7940-4A30-AFF5-F64C2E404F99}.Debug|Any CPU.ActiveCfg = Debug|Any CPU
		{F6CE904F-7940-4A30-AFF5-F64C2E404F99}.Debug|Any CPU.Build.0 = Debug|Any CPU
		{F6CE904F-7940-4A30-AFF5-F64C2E404F99}.Release|Any CPU.ActiveCfg = Release|Any CPU
		{F6CE904F-7940-4A30-AFF5-F64C2E404F99}.Release|Any CPU.Build.0 = Release|Any CPU
		{C03F616C-E114-45C2-8F10-7EF87B744E5E}.Debug|Any CPU.ActiveCfg = Debug|Any CPU
		{C03F616C-E114-45C2-8F10-7EF87B744E5E}.Debug|Any CPU.Build.0 = Debug|Any CPU
		{C03F616C-E114-45C2-8F10-7EF87B744E5E}.Release|Any CPU.ActiveCfg = Release|Any CPU
		{C03F616C-E114-45C2-8F10-7EF87B744E5E}.Release|Any CPU.Build.0 = Release|Any CPU
	EndGlobalSection
	GlobalSection(SolutionProperties) = preSolution
		HideSolutionNode = FALSE
	EndGlobalSection
	GlobalSection(NestedProjects) = preSolution
		{F6CE904F-7940-4A30-AFF5-F64C2E404F99} = {91D4B1D1-2891-41FE-94D3-9BEFD1A0A980}
		{C03F616C-E114-45C2-8F10-7EF87B744E5E} = {409947AA-4DAE-4296-A41E-D8FB176137EC}
	EndGlobalSection
	GlobalSection(ExtensibilityGlobals) = postSolution
		SolutionGuid = {B94B23C0-B5DE-4DD4-B0EB-228FBD623DF1}
	EndGlobalSection
EndGlobal
